
Microsoft Visual Studio Solution File, Format Version 12.00
# Visual Studio Version 17
VisualStudioVersion = 17.14.36804.6
MinimumVisualStudioVersion = 10.0.40219.1
Project("{FAE04EC0-301F-11D3-BF4B-00C04F79EFBC}") = "SnakeAvalonia", "SnakeAvalonia\SnakeAvalonia.csproj", "{2BB6739A-68D6-3EEA-80AB-E959907A2993}"
EndProject
Project("{FAE04EC0-301F-11D3-BF4B-00C04F79EFBC}") = "SnakeAvalonia.Android", "SnakeAvalonia.Android\SnakeAvalonia.Android.csproj", "{9F80865D-F842-73E0-22E3-6BC66BA3C52B}"
EndProject
Project("{FAE04EC0-301F-11D3-BF4B-00C04F79EFBC}") = "SnakeAvalonia.Desktop", "SnakeAvalonia.Desktop\SnakeAvalonia.Desktop.csproj", "{03A1E66E-A479-A023-0476-6A7B0B88C921}"
EndProject
Project("{FAE04EC0-301F-11D3-BF4B-00C04F79EFBC}") = "Snake.Core", "Snake.Core\Snake.Core.csproj", "{B7366F0D-9AD0-4BEE-AD0F-F04AD3044612}"
EndProject
Project("{FAE04EC0-301F-11D3-BF4B-00C04F79EFBC}") = "Snake.Tests", "Snake.Tests\Snake.Tests.csproj", "{AC8458CF-8868-45DD-A9EB-324250184B96}"
EndProject
Global
	GlobalSection(SolutionConfigurationPlatforms) = preSolution
		Debug|Any CPU = Debug|Any CPU
		Release|Any CPU = Release|Any CPU
	EndGlobalSection
	GlobalSection(ProjectConfigurationPlatforms) = postSolution
		{2BB6739A-68D6-3EEA-80AB-E959907A2993}.Debug|Any CPU.ActiveCfg = Debug|Any CPU
		{2BB6739A-68D6-3EEA-80AB-E959907A2993}.Debug|Any CPU.Build.0 = Debug|Any CPU
		{2BB6739A-68D6-3EEA-80AB-E959907A2993}.Release|Any CPU.ActiveCfg = Release|Any CPU
		{2BB6739A-68D6-3EEA-80AB-E959907A2993}.Release|Any CPU.Build.0 = Release|Any CPU
		{9F80865D-F842-73E0-22E3-6BC66BA3C52B}.Debug|Any CPU.ActiveCfg = Debug|Any CPU
		{9F80865D-F842-73E0-22E3-6BC66BA3C52B}.Debug|Any CPU.Build.0 = Debug|Any CPU
		{9F80865D-F842-73E0-22E3-6BC66BA3C52B}.Debug|Any CPU.Deploy.0 = Debug|Any CPU
		{9F80865D-F842-73E0-22E3-6BC66BA3C52B}.Release|Any CPU.ActiveCfg = Release|Any CPU
		{9F80865D-F842-73E0-22E3-6BC66BA3C52B}.Release|Any CPU.Build.0 = Release|Any CPU
		{9F80865D-F842-73E0-22E3-6BC66BA3C52B}.Release|Any CPU.Deploy.0 = Release|Any CPU
		{03A1E66E-A479-A023-0476-6A7B0B88C921}.Debug|Any CPU.ActiveCfg = Debug|Any CPU
		{03A1E66E-A479-A023-0476-6A7B0B88C921}.Debug|Any CPU.Build.0 = Debug|Any CPU
		{03A1E66E-A479-A023-0476-6A7B0B88C921}.Release|Any CPU.ActiveCfg = Release|Any CPU
		{03A1E66E-A479-A023-0476-6A7B0B88C921}.Release|Any CPU.Build.0 = Release|Any CPU
		{B7366F0D-9AD0-4BEE-AD0F-F04AD3044612}.Debug|Any CPU.ActiveCfg = Debug|Any CPU
		{B7366F0D-9AD0-4BEE-AD0F-F04AD3044612}.Debug|Any CPU.Build.0 = Debug|Any CPU
		{B7366F0D-9AD0-4BEE-AD0F-F04AD3044612}.Release|Any CPU.ActiveCfg = Release|Any CPU
		{B7366F0D-9AD0-4BEE-AD0F-F04AD3044612}.Release|Any CPU.Build.0 = Release|Any CPU
		{AC8458CF-8868-45DD-A9EB-324250184B96}.Debug|Any CPU.ActiveCfg = Debug|Any CPU
		{AC8458CF-8868-45DD-A9EB-324250184B96}.Debug|Any CPU.Build.0 = Debug|Any CPU
		{AC8458CF-8868-45DD-A9EB-324250184B96}.Release|Any CPU.ActiveCfg = Release|Any CPU
		{AC8458CF-8868-45DD-A9EB-324250184B96}.Release|Any CPU.Build.0 = Release|Any CPU
	EndGlobalSection
	GlobalSection(SolutionProperties) = preSolution
		HideSolutionNode = FALSE
	EndGlobalSection
	GlobalSection(ExtensibilityGlobals) = postSolution
		SolutionGuid = {033B89D7-2697-49C1-8C36-7F1BCB86B986}
	EndGlobalSection
EndGlobal
