<?xml version="1.0" encoding="UTF-8" standalone="yes" ?>
<CodeBlocks_project_file>
	<FileVersion major="1" minor="6" />
	<Project>
		<Option title="plotter" />
		<Option pch_mode="2" />
		<Option compiler="gcc" />
		<Build>
			<Target title="Debug">
				<Option output="bin/Debug/plotter" prefix_auto="1" extension_auto="1" />
				<Option object_output="obj/Debug/" />
				<Option type="1" />
				<Option compiler="gcc" />
				<Compiler>
					<Add option="-g" />
				</Compiler>
			</Target>
			<Target title="Release">
				<Option output="bin/Release/plotter" prefix_auto="1" extension_auto="1" />
				<Option object_output="obj/Release/" />
				<Option type="1" />
				<Option compiler="gcc" />
				<Compiler>
					<Add option="-O2" />
				</Compiler>
				<Linker>
					<Add option="-s" />
				</Linker>
			</Target>
		</Build>
		<Compiler>
			<Add option="-Wall" />
			<Add option="-fexceptions" />
		</Compiler>
		<Linker>
			<Add library="gdi32" />
			<Add library="opengl32" />
			<Add library="user32" />
			<Add library="shell32" />
			<Add library="advapi32" />
			<Add library="ole32" />
			<Add library="winmm" />
			<Add library="ws2_32" />
			<Add library="iphlpapi" />
			<Add library="shlwapi" />
		</Linker>
		<Unit filename="expression.cpp" />
		<Unit filename="expression.h" />
		<Unit filename="main.cpp" />
		<Unit filename="plotter_application.cpp" />
		<Unit filename="plotter_application.h" />
		<Unit filename="plotter_scene.cpp" />
		<Unit filename="plotter_scene.h" />
		<Unit filename="sfw.cpp" />
		<Unit filename="sfw.h" />
		<Extensions />
	</Project>
</CodeBlocks_project_file>
